
Microsoft Visual Studio Solution File, Format Version 12.00
Project("{FAE04EC0-301F-11D3-BF4B-00C04F79EFBC}") = "LineBotMessageAPI", "LineBotMessageAPI\LineBotMessageAPI.csproj", "{E77532EF-6C45-4B84-91D7-88C60F99A576}"
EndProject
Global
	GlobalSection(SolutionConfigurationPlatforms) = preSolution
		Debug|Any CPU = Debug|Any CPU
		Release|Any CPU = Release|Any CPU
	EndGlobalSection
	GlobalSection(ProjectConfigurationPlatforms) = postSolution
		{E77532EF-6C45-4B84-91D7-88C60F99A576}.Debug|Any CPU.ActiveCfg = Debug|Any CPU
		{E77532EF-6C45-4B84-91D7-88C60F99A576}.Debug|Any CPU.Build.0 = Debug|Any CPU
		{E77532EF-6C45-4B84-91D7-88C60F99A576}.Release|Any CPU.ActiveCfg = Release|Any CPU
		{E77532EF-6C45-4B84-91D7-88C60F99A576}.Release|Any CPU.Build.0 = Release|Any CPU
	EndGlobalSection
EndGlobal
